
Microsoft Visual Studio Solution File, Format Version 12.00
Project("{FAE04EC0-301F-11D3-BF4B-00C04F79EFBC}") = "CdIts.Caffoa.Cli", "CdIts.Caffoa.Cli\CdIts.Caffoa.Cli.csproj", "{D767F64E-B790-410B-B0F3-03CD2EF645F5}"
EndProject
Project("{2150E333-8FDC-42A3-9474-1A3956D46DE8}") = "SolutionItems", "SolutionItems", "{F5DAF376-0D55-4D08-A5B0-DAA3EA4C4E9A}"
	ProjectSection(SolutionItems) = preProject
		tests\base.openapi.yml = tests\base.openapi.yml
		tests\openapi.yml = tests\openapi.yml
		caffoa.yml = caffoa.yml
		.gitignore = .gitignore
	EndProjectSection
EndProject
Global
	GlobalSection(SolutionConfigurationPlatforms) = preSolution
		Debug|Any CPU = Debug|Any CPU
		Release|Any CPU = Release|Any CPU
	EndGlobalSection
	GlobalSection(ProjectConfigurationPlatforms) = postSolution
		{D767F64E-B790-410B-B0F3-03CD2EF645F5}.Debug|Any CPU.ActiveCfg = Debug|Any CPU
		{D767F64E-B790-410B-B0F3-03CD2EF645F5}.Debug|Any CPU.Build.0 = Debug|Any CPU
		{D767F64E-B790-410B-B0F3-03CD2EF645F5}.Release|Any CPU.ActiveCfg = Release|Any CPU
		{D767F64E-B790-410B-B0F3-03CD2EF645F5}.Release|Any CPU.Build.0 = Release|Any CPU
	EndGlobalSection
EndGlobal
