
Microsoft Visual Studio Solution File, Format Version 12.00
Project("{FAE04EC0-301F-11D3-BF4B-00C04F79EFBC}") = "CdIts.Caffoa.Cli", "CdIts.Caffoa.Cli\CdIts.Caffoa.Cli.csproj", "{D767F64E-B790-410B-B0F3-03CD2EF645F5}"
EndProject
Project("{2150E333-8FDC-42A3-9474-1A3956D46DE8}") = "SolutionItems", "SolutionItems", "{F5DAF376-0D55-4D08-A5B0-DAA3EA4C4E9A}"
	ProjectSection(SolutionItems) = preProject
		tests\base.openapi.yml = tests\base.openapi.yml
		tests\openapi.yml = tests\openapi.yml
		caffoa.yml = caffoa.yml
		.gitignore = .gitignore
		LICENSE = LICENSE
		readme.md = readme.md
		changelog.md = changelog.md
	EndProjectSection
EndProject
Project("{FAE04EC0-301F-11D3-BF4B-00C04F79EFBC}") = "DemoV3", "demo\DemoV3\DemoV3.csproj", "{382FB737-ADE4-40B3-B8B6-631B1D58A819}"
EndProject
Project("{FAE04EC0-301F-11D3-BF4B-00C04F79EFBC}") = "CdIts.Caffoa", "CdIts.Caffoa\CdIts.Caffoa.csproj", "{EE4DC45D-A9FA-4B03-918D-F5BBED802E24}"
EndProject
Project("{2150E333-8FDC-42A3-9474-1A3956D46DE8}") = "actions", "actions", "{8AB164C2-88E8-4C75-BD39-71BCA01F2B37}"
	ProjectSection(SolutionItems) = preProject
		.github\workflows\publish.yml = .github\workflows\publish.yml
		.github\workflows\build.yml = .github\workflows\build.yml
	EndProjectSection
EndProject
Project("{FAE04EC0-301F-11D3-BF4B-00C04F79EFBC}") = "CdIts.Caffoa.Abstractions", "CdIts.Caffoa.Abstractions\CdIts.Caffoa.Abstractions.csproj", "{1FAA8813-9041-4A2F-A074-15ADAAA57F70}"
EndProject
Project("{FAE04EC0-301F-11D3-BF4B-00C04F79EFBC}") = "CdIts.Caffoa.Tests", "CdIts.Caffoa.Tests\CdIts.Caffoa.Tests.csproj", "{81C95408-37F4-48C2-A3CC-16CEF8CE3829}"
EndProject
Project("{FAE04EC0-301F-11D3-BF4B-00C04F79EFBC}") = "CdIts.Caffoa.Extensions", "CdIts.Caffoa.Extensions\CdIts.Caffoa.Extensions.csproj", "{3145CC11-24F0-45C7-8238-737965D55768}"
EndProject
Project("{FAE04EC0-301F-11D3-BF4B-00C04F79EFBC}") = "DemoV1a", "demo\DemoV1a\DemoV1a.csproj", "{A9DA00AA-F1AD-454F-AE5A-A29253B679F8}"
EndProject
Project("{FAE04EC0-301F-11D3-BF4B-00C04F79EFBC}") = "DemoV1b", "demo\DemoV1b\DemoV1b.csproj", "{DD69DC15-D120-4A89-813A-4798ECBBF61D}"
EndProject
Project("{FAE04EC0-301F-11D3-BF4B-00C04F79EFBC}") = "CdIts.AzFuncTestHelper", "CdIts.AzFuncTestHelper\CdIts.AzFuncTestHelper.csproj", "{86B1BDD8-F591-41DA-B2C8-68FC9ED23D42}"
EndProject
Global
	GlobalSection(SolutionConfigurationPlatforms) = preSolution
		Debug|Any CPU = Debug|Any CPU
		Release|Any CPU = Release|Any CPU
	EndGlobalSection
	GlobalSection(ProjectConfigurationPlatforms) = postSolution
		{D767F64E-B790-410B-B0F3-03CD2EF645F5}.Debug|Any CPU.ActiveCfg = Debug|Any CPU
		{D767F64E-B790-410B-B0F3-03CD2EF645F5}.Debug|Any CPU.Build.0 = Debug|Any CPU
		{D767F64E-B790-410B-B0F3-03CD2EF645F5}.Release|Any CPU.ActiveCfg = Release|Any CPU
		{D767F64E-B790-410B-B0F3-03CD2EF645F5}.Release|Any CPU.Build.0 = Release|Any CPU
		{382FB737-ADE4-40B3-B8B6-631B1D58A819}.Debug|Any CPU.ActiveCfg = Debug|Any CPU
		{382FB737-ADE4-40B3-B8B6-631B1D58A819}.Debug|Any CPU.Build.0 = Debug|Any CPU
		{382FB737-ADE4-40B3-B8B6-631B1D58A819}.Release|Any CPU.ActiveCfg = Release|Any CPU
		{382FB737-ADE4-40B3-B8B6-631B1D58A819}.Release|Any CPU.Build.0 = Release|Any CPU
		{EE4DC45D-A9FA-4B03-918D-F5BBED802E24}.Debug|Any CPU.ActiveCfg = Debug|Any CPU
		{EE4DC45D-A9FA-4B03-918D-F5BBED802E24}.Debug|Any CPU.Build.0 = Debug|Any CPU
		{EE4DC45D-A9FA-4B03-918D-F5BBED802E24}.Release|Any CPU.ActiveCfg = Release|Any CPU
		{EE4DC45D-A9FA-4B03-918D-F5BBED802E24}.Release|Any CPU.Build.0 = Release|Any CPU
		{1FAA8813-9041-4A2F-A074-15ADAAA57F70}.Debug|Any CPU.ActiveCfg = Debug|Any CPU
		{1FAA8813-9041-4A2F-A074-15ADAAA57F70}.Debug|Any CPU.Build.0 = Debug|Any CPU
		{1FAA8813-9041-4A2F-A074-15ADAAA57F70}.Release|Any CPU.ActiveCfg = Release|Any CPU
		{1FAA8813-9041-4A2F-A074-15ADAAA57F70}.Release|Any CPU.Build.0 = Release|Any CPU
		{81C95408-37F4-48C2-A3CC-16CEF8CE3829}.Debug|Any CPU.ActiveCfg = Debug|Any CPU
		{81C95408-37F4-48C2-A3CC-16CEF8CE3829}.Debug|Any CPU.Build.0 = Debug|Any CPU
		{81C95408-37F4-48C2-A3CC-16CEF8CE3829}.Release|Any CPU.ActiveCfg = Release|Any CPU
		{81C95408-37F4-48C2-A3CC-16CEF8CE3829}.Release|Any CPU.Build.0 = Release|Any CPU
		{3145CC11-24F0-45C7-8238-737965D55768}.Debug|Any CPU.ActiveCfg = Debug|Any CPU
		{3145CC11-24F0-45C7-8238-737965D55768}.Debug|Any CPU.Build.0 = Debug|Any CPU
		{3145CC11-24F0-45C7-8238-737965D55768}.Release|Any CPU.ActiveCfg = Release|Any CPU
		{3145CC11-24F0-45C7-8238-737965D55768}.Release|Any CPU.Build.0 = Release|Any CPU
		{A9DA00AA-F1AD-454F-AE5A-A29253B679F8}.Debug|Any CPU.ActiveCfg = Debug|Any CPU
		{A9DA00AA-F1AD-454F-AE5A-A29253B679F8}.Debug|Any CPU.Build.0 = Debug|Any CPU
		{A9DA00AA-F1AD-454F-AE5A-A29253B679F8}.Release|Any CPU.ActiveCfg = Release|Any CPU
		{A9DA00AA-F1AD-454F-AE5A-A29253B679F8}.Release|Any CPU.Build.0 = Release|Any CPU
		{DD69DC15-D120-4A89-813A-4798ECBBF61D}.Debug|Any CPU.ActiveCfg = Debug|Any CPU
		{DD69DC15-D120-4A89-813A-4798ECBBF61D}.Debug|Any CPU.Build.0 = Debug|Any CPU
		{DD69DC15-D120-4A89-813A-4798ECBBF61D}.Release|Any CPU.ActiveCfg = Release|Any CPU
		{DD69DC15-D120-4A89-813A-4798ECBBF61D}.Release|Any CPU.Build.0 = Release|Any CPU
		{86B1BDD8-F591-41DA-B2C8-68FC9ED23D42}.Debug|Any CPU.ActiveCfg = Debug|Any CPU
		{86B1BDD8-F591-41DA-B2C8-68FC9ED23D42}.Debug|Any CPU.Build.0 = Debug|Any CPU
		{86B1BDD8-F591-41DA-B2C8-68FC9ED23D42}.Release|Any CPU.ActiveCfg = Release|Any CPU
		{86B1BDD8-F591-41DA-B2C8-68FC9ED23D42}.Release|Any CPU.Build.0 = Release|Any CPU
	EndGlobalSection
	GlobalSection(NestedProjects) = preSolution
		{8AB164C2-88E8-4C75-BD39-71BCA01F2B37} = {F5DAF376-0D55-4D08-A5B0-DAA3EA4C4E9A}
	EndGlobalSection
EndGlobal
